// !$*UTF8*$!
{
	archiveVersion = 1;
	classes = {
	};
	objectVersion = 46;
	objects = {

/* Begin PBXBuildFile section */
		365C90D31B5456F200DC8EA2 /* AppDelegate.swift in Sources */ = {isa = PBXBuildFile; fileRef = 365C90D21B5456F200DC8EA2 /* AppDelegate.swift */; };
		365C90D51B5456F200DC8EA2 /* ViewController.swift in Sources */ = {isa = PBXBuildFile; fileRef = 365C90D41B5456F200DC8EA2 /* ViewController.swift */; };
		365C90D81B5456F200DC8EA2 /* Main.storyboard in Resources */ = {isa = PBXBuildFile; fileRef = 365C90D61B5456F200DC8EA2 /* Main.storyboard */; };
		365C90DA1B5456F200DC8EA2 /* Images.xcassets in Resources */ = {isa = PBXBuildFile; fileRef = 365C90D91B5456F200DC8EA2 /* Images.xcassets */; };
		365C90DD1B5456F200DC8EA2 /* LaunchScreen.xib in Resources */ = {isa = PBXBuildFile; fileRef = 365C90DB1B5456F200DC8EA2 /* LaunchScreen.xib */; };
		365C90E91B5456F200DC8EA2 /* BearchChatTests.swift in Sources */ = {isa = PBXBuildFile; fileRef = 365C90E81B5456F200DC8EA2 /* BearchChatTests.swift */; };
/* End PBXBuildFile section */

/* Begin PBXContainerItemProxy section */
		365C90E31B5456F200DC8EA2 /* PBXContainerItemProxy */ = {
			isa = PBXContainerItemProxy;
			containerPortal = 365C90C51B5456F100DC8EA2 /* Project object */;
			proxyType = 1;
			remoteGlobalIDString = 365C90CC1B5456F200DC8EA2;
			remoteInfo = BearchChat;
		};
/* End PBXContainerItemProxy section */

/* Begin PBXFileReference section */
		365C90CD1B5456F200DC8EA2 /* BearchChat.app */ = {isa = PBXFileReference; explicitFileType = wrapper.application; includeInIndex = 0; path = BearchChat.app; sourceTree = BUILT_PRODUCTS_DIR; };
		365C90D11B5456F200DC8EA2 /* Info.plist */ = {isa = PBXFileReference; lastKnownFileType = text.plist.xml; path = Info.plist; sourceTree = "<group>"; };
		365C90D21B5456F200DC8EA2 /* AppDelegate.swift */ = {isa = PBXFileReference; lastKnownFileType = sourcecode.swift; path = AppDelegate.swift; sourceTree = "<group>"; };
		365C90D41B5456F200DC8EA2 /* ViewController.swift */ = {isa = PBXFileReference; lastKnownFileType = sourcecode.swift; path = ViewController.swift; sourceTree = "<group>"; };
		365C90D71B5456F200DC8EA2 /* Base */ = {isa = PBXFileReference; lastKnownFileType = file.storyboard; name = Base; path = Base.lproj/Main.storyboard; sourceTree = "<group>"; };
		365C90D91B5456F200DC8EA2 /* Images.xcassets */ = {isa = PBXFileReference; lastKnownFileType = folder.assetcatalog; path = Images.xcassets; sourceTree = "<group>"; };
		365C90DC1B5456F200DC8EA2 /* Base */ = {isa = PBXFileReference; lastKnownFileType = file.xib; name = Base; path = Base.lproj/LaunchScreen.xib; sourceTree = "<group>"; };
		365C90E21B5456F200DC8EA2 /* BearchChatTests.xctest */ = {isa = PBXFileReference; explicitFileType = wrapper.cfbundle; includeInIndex = 0; path = BearchChatTests.xctest; sourceTree = BUILT_PRODUCTS_DIR; };
		365C90E71B5456F200DC8EA2 /* Info.plist */ = {isa = PBXFileReference; lastKnownFileType = text.plist.xml; path = Info.plist; sourceTree = "<group>"; };
		365C90E81B5456F200DC8EA2 /* BearchChatTests.swift */ = {isa = PBXFileReference; lastKnownFileType = sourcecode.swift; path = BearchChatTests.swift; sourceTree = "<group>"; };
/* End PBXFileReference section */

/* Begin PBXFrameworksBuildPhase section */
		365C90CA1B5456F200DC8EA2 /* Frameworks */ = {
			isa = PBXFrameworksBuildPhase;
			buildActionMask = 2147483647;
			files = (
			);
			runOnlyForDeploymentPostprocessing = 0;
		};
		365C90DF1B5456F200DC8EA2 /* Frameworks */ = {
			isa = PBXFrameworksBuildPhase;
			buildActionMask = 2147483647;
			files = (
			);
			runOnlyForDeploymentPostprocessing = 0;
		};
/* End PBXFrameworksBuildPhase section */

/* Begin PBXGroup section */
		365C90C41B5456F100DC8EA2 = {
			isa = PBXGroup;
			children = (
				365C90CF1B5456F200DC8EA2 /* BearchChat */,
				365C90E51B5456F200DC8EA2 /* BearchChatTests */,
				365C90CE1B5456F200DC8EA2 /* Products */,
			);
			sourceTree = "<group>";
		};
		365C90CE1B5456F200DC8EA2 /* Products */ = {
			isa = PBXGroup;
			children = (
				365C90CD1B5456F200DC8EA2 /* BearchChat.app */,
				365C90E21B5456F200DC8EA2 /* BearchChatTests.xctest */,
			);
			name = Products;
			sourceTree = "<group>";
		};
		365C90CF1B5456F200DC8EA2 /* BearchChat */ = {
			isa = PBXGroup;
			children = (
				365C90D21B5456F200DC8EA2 /* AppDelegate.swift */,
				365C90D41B5456F200DC8EA2 /* ViewController.swift */,
				365C90D61B5456F200DC8EA2 /* Main.storyboard */,
				365C90D91B5456F200DC8EA2 /* Images.xcassets */,
				365C90DB1B5456F200DC8EA2 /* LaunchScreen.xib */,
				365C90D01B5456F200DC8EA2 /* Supporting Files */,
			);
			path = BearchChat;
			sourceTree = "<group>";
		};
		365C90D01B5456F200DC8EA2 /* Supporting Files */ = {
			isa = PBXGroup;
			children = (
				365C90D11B5456F200DC8EA2 /* Info.plist */,
			);
			name = "Supporting Files";
			sourceTree = "<group>";
		};
		365C90E51B5456F200DC8EA2 /* BearchChatTests */ = {
			isa = PBXGroup;
			children = (
				365C90E81B5456F200DC8EA2 /* BearchChatTests.swift */,
				365C90E61B5456F200DC8EA2 /* Supporting Files */,
			);
			path = BearchChatTests;
			sourceTree = "<group>";
		};
		365C90E61B5456F200DC8EA2 /* Supporting Files */ = {
			isa = PBXGroup;
			children = (
				365C90E71B5456F200DC8EA2 /* Info.plist */,
			);
			name = "Supporting Files";
			sourceTree = "<group>";
		};
/* End PBXGroup section */

/* Begin PBXNativeTarget section */
		365C90CC1B5456F200DC8EA2 /* BearchChat */ = {
			isa = PBXNativeTarget;
			buildConfigurationList = 365C90EC1B5456F200DC8EA2 /* Build configuration list for PBXNativeTarget "BearchChat" */;
			buildPhases = (
				365C90C91B5456F200DC8EA2 /* Sources */,
				365C90CA1B5456F200DC8EA2 /* Frameworks */,
				365C90CB1B5456F200DC8EA2 /* Resources */,
			);
			buildRules = (
			);
			dependencies = (
			);
			name = BearchChat;
			productName = BearchChat;
			productReference = 365C90CD1B5456F200DC8EA2 /* BearchChat.app */;
			productType = "com.apple.product-type.application";
		};
		365C90E11B5456F200DC8EA2 /* BearchChatTests */ = {
			isa = PBXNativeTarget;
			buildConfigurationList = 365C90EF1B5456F200DC8EA2 /* Build configuration list for PBXNativeTarget "BearchChatTests" */;
			buildPhases = (
				365C90DE1B5456F200DC8EA2 /* Sources */,
				365C90DF1B5456F200DC8EA2 /* Frameworks */,
				365C90E01B5456F200DC8EA2 /* Resources */,
			);
			buildRules = (
			);
			dependencies = (
				365C90E41B5456F200DC8EA2 /* PBXTargetDependency */,
			);
			name = BearchChatTests;
			productName = BearchChatTests;
			productReference = 365C90E21B5456F200DC8EA2 /* BearchChatTests.xctest */;
			productType = "com.apple.product-type.bundle.unit-test";
		};
/* End PBXNativeTarget section */

/* Begin PBXProject section */
		365C90C51B5456F100DC8EA2 /* Project object */ = {
			isa = PBXProject;
			attributes = {
				LastUpgradeCheck = 0630;
				ORGANIZATIONNAME = drborges;
				TargetAttributes = {
					365C90CC1B5456F200DC8EA2 = {
						CreatedOnToolsVersion = 6.3.2;
					};
					365C90E11B5456F200DC8EA2 = {
						CreatedOnToolsVersion = 6.3.2;
						TestTargetID = 365C90CC1B5456F200DC8EA2;
					};
				};
			};
			buildConfigurationList = 365C90C81B5456F100DC8EA2 /* Build configuration list for PBXProject "BearchChat" */;
			compatibilityVersion = "Xcode 3.2";
			developmentRegion = English;
			hasScannedForEncodings = 0;
			knownRegions = (
				en,
				Base,
			);
			mainGroup = 365C90C41B5456F100DC8EA2;
			productRefGroup = 365C90CE1B5456F200DC8EA2 /* Products */;
			projectDirPath = "";
			projectRoot = "";
			targets = (
				365C90CC1B5456F200DC8EA2 /* BearchChat */,
				365C90E11B5456F200DC8EA2 /* BearchChatTests */,
			);
		};
/* End PBXProject section */

/* Begin PBXResourcesBuildPhase section */
		365C90CB1B5456F200DC8EA2 /* Resources */ = {
			isa = PBXResourcesBuildPhase;
			buildActionMask = 2147483647;
			files = (
				365C90D81B5456F200DC8EA2 /* Main.storyboard in Resources */,
				365C90DD1B5456F200DC8EA2 /* LaunchScreen.xib in Resources */,
				365C90DA1B5456F200DC8EA2 /* Images.xcassets in Resources */,
			);
			runOnlyForDeploymentPostprocessing = 0;
		};
		365C90E01B5456F200DC8EA2 /* Resources */ = {
			isa = PBXResourcesBuildPhase;
			buildActionMask = 2147483647;
			files = (
			);
			runOnlyForDeploymentPostprocessing = 0;
		};
/* End PBXResourcesBuildPhase section */

/* Begin PBXSourcesBuildPhase section */
		365C90C91B5456F200DC8EA2 /* Sources */ = {
			isa = PBXSourcesBuildPhase;
			buildActionMask = 2147483647;
			files = (
				365C90D51B5456F200DC8EA2 /* ViewController.swift in Sources */,
				365C90D31B5456F200DC8EA2 /* AppDelegate.swift in Sources */,
			);
			runOnlyForDeploymentPostprocessing = 0;
		};
		365C90DE1B5456F200DC8EA2 /* Sources */ = {
			isa = PBXSourcesBuildPhase;
			buildActionMask = 2147483647;
			files = (
				365C90E91B5456F200DC8EA2 /* BearchChatTests.swift in Sources */,
			);
			runOnlyForDeploymentPostprocessing = 0;
		};
/* End PBXSourcesBuildPhase section */

/* Begin PBXTargetDependency section */
		365C90E41B5456F200DC8EA2 /* PBXTargetDependency */ = {
			isa = PBXTargetDependency;
			target = 365C90CC1B5456F200DC8EA2 /* BearchChat */;
			targetProxy = 365C90E31B5456F200DC8EA2 /* PBXContainerItemProxy */;
		};
/* End PBXTargetDependency section */

/* Begin PBXVariantGroup section */
		365C90D61B5456F200DC8EA2 /* Main.storyboard */ = {
			isa = PBXVariantGroup;
			children = (
				365C90D71B5456F200DC8EA2 /* Base */,
			);
			name = Main.storyboard;
			sourceTree = "<group>";
		};
		365C90DB1B5456F200DC8EA2 /* LaunchScreen.xib */ = {
			isa = PBXVariantGroup;
			children = (
				365C90DC1B5456F200DC8EA2 /* Base */,
			);
			name = LaunchScreen.xib;
			sourceTree = "<group>";
		};
/* End PBXVariantGroup section */

/* Begin XCBuildConfiguration section */
		365C90EA1B5456F200DC8EA2 /* Debug */ = {
			isa = XCBuildConfiguration;
			buildSettings = {
				ALWAYS_SEARCH_USER_PATHS = NO;
				CLANG_CXX_LANGUAGE_STANDARD = "gnu++0x";
				CLANG_CXX_LIBRARY = "libc++";
				CLANG_ENABLE_MODULES = YES;
				CLANG_ENABLE_OBJC_ARC = YES;
				CLANG_WARN_BOOL_CONVERSION = YES;
				CLANG_WARN_CONSTANT_CONVERSION = YES;
				CLANG_WARN_DIRECT_OBJC_ISA_USAGE = YES_ERROR;
				CLANG_WARN_EMPTY_BODY = YES;
				CLANG_WARN_ENUM_CONVERSION = YES;
				CLANG_WARN_INT_CONVERSION = YES;
				CLANG_WARN_OBJC_ROOT_CLASS = YES_ERROR;
				CLANG_WARN_UNREACHABLE_CODE = YES;
				CLANG_WARN__DUPLICATE_METHOD_MATCH = YES;
				"CODE_SIGN_IDENTITY[sdk=iphoneos*]" = "iPhone Developer";
				COPY_PHASE_STRIP = NO;
				DEBUG_INFORMATION_FORMAT = "dwarf-with-dsym";
				ENABLE_STRICT_OBJC_MSGSEND = YES;
				GCC_C_LANGUAGE_STANDARD = gnu99;
				GCC_DYNAMIC_NO_PIC = NO;
				GCC_NO_COMMON_BLOCKS = YES;
				GCC_OPTIMIZATION_LEVEL = 0;
				GCC_PREPROCESSOR_DEFINITIONS = (
					"DEBUG=1",
					"$(inherited)",
				);
				GCC_SYMBOLS_PRIVATE_EXTERN = NO;
				GCC_WARN_64_TO_32_BIT_CONVERSION = YES;
				GCC_WARN_ABOUT_RETURN_TYPE = YES_ERROR;
				GCC_WARN_UNDECLARED_SELECTOR = YES;
				GCC_WARN_UNINITIALIZED_AUTOS = YES_AGGRESSIVE;
				GCC_WARN_UNUSED_FUNCTION = YES;
				GCC_WARN_UNUSED_VARIABLE = YES;
				IPHONEOS_DEPLOYMENT_TARGET = 8.3;
				MTL_ENABLE_DEBUG_INFO = YES;
				ONLY_ACTIVE_ARCH = YES;
				SDKROOT = iphoneos;
				SWIFT_OPTIMIZATION_LEVEL = "-Onone";
				TARGETED_DEVICE_FAMILY = "1,2";
			};
			name = Debug;
		};
		365C90EB1B5456F200DC8EA2 /* Release */ = {
			isa = XCBuildConfiguration;
			buildSettings = {
				ALWAYS_SEARCH_USER_PATHS = NO;
				CLANG_CXX_LANGUAGE_STANDARD = "gnu++0x";
				CLANG_CXX_LIBRARY = "libc++";
				CLANG_ENABLE_MODULES = YES;
				CLANG_ENABLE_OBJC_ARC = YES;
				CLANG_WARN_BOOL_CONVERSION = YES;
				CLANG_WARN_CONSTANT_CONVERSION = YES;
				CLANG_WARN_DIRECT_OBJC_ISA_USAGE = YES_ERROR;
				CLANG_WARN_EMPTY_BODY = YES;
				CLANG_WARN_ENUM_CONVERSION = YES;
				CLANG_WARN_INT_CONVERSION = YES;
				CLANG_WARN_OBJC_ROOT_CLASS = YES_ERROR;
				CLANG_WARN_UNREACHABLE_CODE = YES;
				CLANG_WARN__DUPLICATE_METHOD_MATCH = YES;
				"CODE_SIGN_IDENTITY[sdk=iphoneos*]" = "iPhone Developer";
				COPY_PHASE_STRIP = NO;
				DEBUG_INFORMATION_FORMAT = "dwarf-with-dsym";
				ENABLE_NS_ASSERTIONS = NO;
				ENABLE_STRICT_OBJC_MSGSEND = YES;
				GCC_C_LANGUAGE_STANDARD = gnu99;
				GCC_NO_COMMON_BLOCKS = YES;
				GCC_WARN_64_TO_32_BIT_CONVERSION = YES;
				GCC_WARN_ABOUT_RETURN_TYPE = YES_ERROR;
				GCC_WARN_UNDECLARED_SELECTOR = YES;
				GCC_WARN_UNINITIALIZED_AUTOS = YES_AGGRESSIVE;
				GCC_WARN_UNUSED_FUNCTION = YES;
				GCC_WARN_UNUSED_VARIABLE = YES;
				IPHONEOS_DEPLOYMENT_TARGET = 8.3;
				MTL_ENABLE_DEBUG_INFO = NO;
				SDKROOT = iphoneos;
				TARGETED_DEVICE_FAMILY = "1,2";
				VALIDATE_PRODUCT = YES;
			};
			name = Release;
		};
		365C90ED1B5456F200DC8EA2 /* Debug */ = {
			isa = XCBuildConfiguration;
			buildSettings = {
				ASSETCATALOG_COMPILER_APPICON_NAME = AppIcon;
				INFOPLIST_FILE = BearchChat/Info.plist;
				LD_RUNPATH_SEARCH_PATHS = "$(inherited) @executable_path/Frameworks";
				PRODUCT_NAME = "$(TARGET_NAME)";
			};
			name = Debug;
		};
		365C90EE1B5456F200DC8EA2 /* Release */ = {
			isa = XCBuildConfiguration;
			buildSettings = {
				ASSETCATALOG_COMPILER_APPICON_NAME = AppIcon;
				INFOPLIST_FILE = BearchChat/Info.plist;
				LD_RUNPATH_SEARCH_PATHS = "$(inherited) @executable_path/Frameworks";
				PRODUCT_NAME = "$(TARGET_NAME)";
			};
			name = Release;
		};
		365C90F01B5456F200DC8EA2 /* Debug */ = {
			isa = XCBuildConfiguration;
			buildSettings = {
				BUNDLE_LOADER = "$(TEST_HOST)";
				FRAMEWORK_SEARCH_PATHS = (
					"$(SDKROOT)/Developer/Library/Frameworks",
					"$(inherited)",
				);
				GCC_PREPROCESSOR_DEFINITIONS = (
					"DEBUG=1",
					"$(inherited)",
				);
				INFOPLIST_FILE = BearchChatTests/Info.plist;
				LD_RUNPATH_SEARCH_PATHS = "$(inherited) @executable_path/Frameworks @loader_path/Frameworks";
				PRODUCT_NAME = "$(TARGET_NAME)";
				TEST_HOST = "$(BUILT_PRODUCTS_DIR)/BearchChat.app/BearchChat";
			};
			name = Debug;
		};
		365C90F11B5456F200DC8EA2 /* Release */ = {
			isa = XCBuildConfiguration;
			buildSettings = {
				BUNDLE_LOADER = "$(TEST_HOST)";
				FRAMEWORK_SEARCH_PATHS = (
					"$(SDKROOT)/Developer/Library/Frameworks",
					"$(inherited)",
				);
				INFOPLIST_FILE = BearchChatTests/Info.plist;
				LD_RUNPATH_SEARCH_PATHS = "$(inherited) @executable_path/Frameworks @loader_path/Frameworks";
				PRODUCT_NAME = "$(TARGET_NAME)";
				TEST_HOST = "$(BUILT_PRODUCTS_DIR)/BearchChat.app/BearchChat";
			};
			name = Release;
		};
/* End XCBuildConfiguration section */

/* Begin XCConfigurationList section */
		365C90C81B5456F100DC8EA2 /* Build configuration list for PBXProject "BearchChat" */ = {
			isa = XCConfigurationList;
			buildConfigurations = (
				365C90EA1B5456F200DC8EA2 /* Debug */,
				365C90EB1B5456F200DC8EA2 /* Release */,
			);
			defaultConfigurationIsVisible = 0;
			defaultConfigurationName = Release;
		};
		365C90EC1B5456F200DC8EA2 /* Build configuration list for PBXNativeTarget "BearchChat" */ = {
			isa = XCConfigurationList;
			buildConfigurations = (
				365C90ED1B5456F200DC8EA2 /* Debug */,
				365C90EE1B5456F200DC8EA2 /* Release */,
			);
			defaultConfigurationIsVisible = 0;
		};
		365C90EF1B5456F200DC8EA2 /* Build configuration list for PBXNativeTarget "BearchChatTests" */ = {
			isa = XCConfigurationList;
			buildConfigurations = (
				365C90F01B5456F200DC8EA2 /* Debug */,
				365C90F11B5456F200DC8EA2 /* Release */,
			);
			defaultConfigurationIsVisible = 0;
		};
/* End XCConfigurationList section */
	};
	rootObject = 365C90C51B5456F100DC8EA2 /* Project object */;
}
